
Microsoft Visual Studio Solution File, Format Version 12.00
# Visual Studio Version 17
VisualStudioVersion = 17.9.34616.47
MinimumVisualStudioVersion = 10.0.40219.1
Project("{8BC9CEB8-8B4A-11D0-8D11-00A0C91BC942}") = "Pointerandfriendclass", "Pointerandfriendclass\Pointerandfriendclass.vcxproj", "{8BF11E98-207A-4688-AB76-91A2860878E8}"
EndProject
Project("{8BC9CEB8-8B4A-11D0-8D11-00A0C91BC942}") = "Pointerandfriendclass2", "Pointerandfriendclass2\Pointerandfriendclass2.vcxproj", "{F09FE9DC-7C40-4697-98A0-18011075282A}"
EndProject
Project("{8BC9CEB8-8B4A-11D0-8D11-00A0C91BC942}") = "Pointerandfriendclass3", "Pointerandfriendclass3\Pointerandfriendclass3.vcxproj", "{5673A4FE-E446-4348-AFFA-B6DAA4285399}"
EndProject
Project("{8BC9CEB8-8B4A-11D0-8D11-00A0C91BC942}") = "FriendClassSatu", "FriendClassSatu\FriendClassSatu.vcxproj", "{5D54D370-9746-4895-8734-B86D0EC7639F}"
EndProject
Project("{8BC9CEB8-8B4A-11D0-8D11-00A0C91BC942}") = "FriendFunctionSatu", "FriendFunctionSatu\FriendFunctionSatu.vcxproj", "{1D5099BC-F9C3-4E08-90BB-6F9882EF11E4}"
EndProject
Project("{8BC9CEB8-8B4A-11D0-8D11-00A0C91BC942}") = "FriendFunctionDua", "FriendFunctionDua\FriendFunctionDua.vcxproj", "{14017F03-CA70-4DF7-9A81-C2D054016332}"
EndProject
Global
	GlobalSection(SolutionConfigurationPlatforms) = preSolution
		Debug|x64 = Debug|x64
		Debug|x86 = Debug|x86
		Release|x64 = Release|x64
		Release|x86 = Release|x86
	EndGlobalSection
	GlobalSection(ProjectConfigurationPlatforms) = postSolution
		{8BF11E98-207A-4688-AB76-91A2860878E8}.Debug|x64.ActiveCfg = Debug|x64
		{8BF11E98-207A-4688-AB76-91A2860878E8}.Debug|x64.Build.0 = Debug|x64
		{8BF11E98-207A-4688-AB76-91A2860878E8}.Debug|x86.ActiveCfg = Debug|Win32
		{8BF11E98-207A-4688-AB76-91A2860878E8}.Debug|x86.Build.0 = Debug|Win32
		{8BF11E98-207A-4688-AB76-91A2860878E8}.Release|x64.ActiveCfg = Release|x64
		{8BF11E98-207A-4688-AB76-91A2860878E8}.Release|x64.Build.0 = Release|x64
		{8BF11E98-207A-4688-AB76-91A2860878E8}.Release|x86.ActiveCfg = Release|Win32
		{8BF11E98-207A-4688-AB76-91A2860878E8}.Release|x86.Build.0 = Release|Win32
		{F09FE9DC-7C40-4697-98A0-18011075282A}.Debug|x64.ActiveCfg = Debug|x64
		{F09FE9DC-7C40-4697-98A0-18011075282A}.Debug|x64.Build.0 = Debug|x64
		{F09FE9DC-7C40-4697-98A0-18011075282A}.Debug|x86.ActiveCfg = Debug|Win32
		{F09FE9DC-7C40-4697-98A0-18011075282A}.Debug|x86.Build.0 = Debug|Win32
		{F09FE9DC-7C40-4697-98A0-18011075282A}.Release|x64.ActiveCfg = Release|x64
		{F09FE9DC-7C40-4697-98A0-18011075282A}.Release|x64.Build.0 = Release|x64
		{F09FE9DC-7C40-4697-98A0-18011075282A}.Release|x86.ActiveCfg = Release|Win32
		{F09FE9DC-7C40-4697-98A0-18011075282A}.Release|x86.Build.0 = Release|Win32
		{5673A4FE-E446-4348-AFFA-B6DAA4285399}.Debug|x64.ActiveCfg = Debug|x64
		{5673A4FE-E446-4348-AFFA-B6DAA4285399}.Debug|x64.Build.0 = Debug|x64
		{5673A4FE-E446-4348-AFFA-B6DAA4285399}.Debug|x86.ActiveCfg = Debug|Win32
		{5673A4FE-E446-4348-AFFA-B6DAA4285399}.Debug|x86.Build.0 = Debug|Win32
		{5673A4FE-E446-4348-AFFA-B6DAA4285399}.Release|x64.ActiveCfg = Release|x64
		{5673A4FE-E446-4348-AFFA-B6DAA4285399}.Release|x64.Build.0 = Release|x64
		{5673A4FE-E446-4348-AFFA-B6DAA4285399}.Release|x86.ActiveCfg = Release|Win32
		{5673A4FE-E446-4348-AFFA-B6DAA4285399}.Release|x86.Build.0 = Release|Win32
		{5D54D370-9746-4895-8734-B86D0EC7639F}.Debug|x64.ActiveCfg = Debug|x64
		{5D54D370-9746-4895-8734-B86D0EC7639F}.Debug|x64.Build.0 = Debug|x64
		{5D54D370-9746-4895-8734-B86D0EC7639F}.Debug|x86.ActiveCfg = Debug|Win32
		{5D54D370-9746-4895-8734-B86D0EC7639F}.Debug|x86.Build.0 = Debug|Win32
		{5D54D370-9746-4895-8734-B86D0EC7639F}.Release|x64.ActiveCfg = Release|x64
		{5D54D370-9746-4895-8734-B86D0EC7639F}.Release|x64.Build.0 = Release|x64
		{5D54D370-9746-4895-8734-B86D0EC7639F}.Release|x86.ActiveCfg = Release|Win32
		{5D54D370-9746-4895-8734-B86D0EC7639F}.Release|x86.Build.0 = Release|Win32
		{1D5099BC-F9C3-4E08-90BB-6F9882EF11E4}.Debug|x64.ActiveCfg = Debug|x64
		{1D5099BC-F9C3-4E08-90BB-6F9882EF11E4}.Debug|x64.Build.0 = Debug|x64
		{1D5099BC-F9C3-4E08-90BB-6F9882EF11E4}.Debug|x86.ActiveCfg = Debug|Win32
		{1D5099BC-F9C3-4E08-90BB-6F9882EF11E4}.Debug|x86.Build.0 = Debug|Win32
		{1D5099BC-F9C3-4E08-90BB-6F9882EF11E4}.Release|x64.ActiveCfg = Release|x64
		{1D5099BC-F9C3-4E08-90BB-6F9882EF11E4}.Release|x64.Build.0 = Release|x64
		{1D5099BC-F9C3-4E08-90BB-6F9882EF11E4}.Release|x86.ActiveCfg = Release|Win32
		{1D5099BC-F9C3-4E08-90BB-6F9882EF11E4}.Release|x86.Build.0 = Release|Win32
		{14017F03-CA70-4DF7-9A81-C2D054016332}.Debug|x64.ActiveCfg = Debug|x64
		{14017F03-CA70-4DF7-9A81-C2D054016332}.Debug|x64.Build.0 = Debug|x64
		{14017F03-CA70-4DF7-9A81-C2D054016332}.Debug|x86.ActiveCfg = Debug|Win32
		{14017F03-CA70-4DF7-9A81-C2D054016332}.Debug|x86.Build.0 = Debug|Win32
		{14017F03-CA70-4DF7-9A81-C2D054016332}.Release|x64.ActiveCfg = Release|x64
		{14017F03-CA70-4DF7-9A81-C2D054016332}.Release|x64.Build.0 = Release|x64
		{14017F03-CA70-4DF7-9A81-C2D054016332}.Release|x86.ActiveCfg = Release|Win32
		{14017F03-CA70-4DF7-9A81-C2D054016332}.Release|x86.Build.0 = Release|Win32
	EndGlobalSection
	GlobalSection(SolutionProperties) = preSolution
		HideSolutionNode = FALSE
	EndGlobalSection
	GlobalSection(ExtensibilityGlobals) = postSolution
		SolutionGuid = {4BBFE03D-9A9C-4DD2-B1F5-653EE08CFE61}
	EndGlobalSection
EndGlobal
